{
  "originHash" : "b3cf8bf1b489f3e3c59c1d4056ffb028c0bd068ea2c7d9f52979e709cb4dd078",
  "pins" : [
    {
      "identity" : "swift-algorithms",
      "kind" : "remoteSourceControl",
      "location" : "https://github.com/apple/swift-algorithms",
      "state" : {
        "revision" : "87e50f483c54e6efd60e885f7f5aa946cee68023",
        "version" : "1.2.1"
      }
    },
    {
      "identity" : "swift-cmark",
      "kind" : "remoteSourceControl",
      "location" : "https://github.com/swiftlang/swift-cmark.git",
      "state" : {
        "revision" : "b97d09472e847a416629f026eceae0e2afcfad65",
        "version" : "0.7.0"
      }
    },
    {
      "identity" : "swift-markdown",
      "kind" : "remoteSourceControl",
      "location" : "https://github.com/apple/swift-markdown",
      "state" : {
        "revision" : "d8cf111c276ed18cff82d3cad563d2ca5903b982",
        "version" : "0.7.1"
      }
    },
    {
      "identity" : "swift-numerics",
      "kind" : "remoteSourceControl",
      "location" : "https://github.com/apple/swift-numerics",
      "state" : {
        "revision" : "0a5bc04095a675662cf24757cc0640aa2204253b",
        "version" : "1.0.2"
      }
    }
  ],
  "version" : 3
}
